// !$*UTF8*$!
{
	archiveVersion = 1;
	classes = {
	};
	objectVersion = 46;
	objects = {

/* Begin PBXBuildFile section */
		74B406821F3572010009257F /* AppDelegate.swift in Sources */ = {isa = PBXBuildFile; fileRef = 74B406811F3572010009257F /* AppDelegate.swift */; };
		74B406841F3572010009257F /* ViewController.swift in Sources */ = {isa = PBXBuildFile; fileRef = 74B406831F3572010009257F /* ViewController.swift */; };
		74B406871F3572010009257F /* Main.storyboard in Resources */ = {isa = PBXBuildFile; fileRef = 74B406851F3572010009257F /* Main.storyboard */; };
		74B406891F3572010009257F /* Assets.xcassets in Resources */ = {isa = PBXBuildFile; fileRef = 74B406881F3572010009257F /* Assets.xcassets */; };
		74B4068C1F3572010009257F /* LaunchScreen.storyboard in Resources */ = {isa = PBXBuildFile; fileRef = 74B4068A1F3572010009257F /* LaunchScreen.storyboard */; };
		74B406941F3572F10009257F /* SmartSpeaker.swift in Sources */ = {isa = PBXBuildFile; fileRef = 74B406931F3572F10009257F /* SmartSpeaker.swift */; };
/* End PBXBuildFile section */

/* Begin PBXFileReference section */
		74B4067E1F3572010009257F /* AmazingSpeaker.app */ = {isa = PBXFileReference; explicitFileType = wrapper.application; includeInIndex = 0; path = AmazingSpeaker.app; sourceTree = BUILT_PRODUCTS_DIR; };
		74B406811F3572010009257F /* AppDelegate.swift */ = {isa = PBXFileReference; lastKnownFileType = sourcecode.swift; path = AppDelegate.swift; sourceTree = "<group>"; };
		74B406831F3572010009257F /* ViewController.swift */ = {isa = PBXFileReference; lastKnownFileType = sourcecode.swift; path = ViewController.swift; sourceTree = "<group>"; };
		74B406861F3572010009257F /* Base */ = {isa = PBXFileReference; lastKnownFileType = file.storyboard; name = Base; path = Base.lproj/Main.storyboard; sourceTree = "<group>"; };
		74B406881F3572010009257F /* Assets.xcassets */ = {isa = PBXFileReference; lastKnownFileType = folder.assetcatalog; path = Assets.xcassets; sourceTree = "<group>"; };
		74B4068B1F3572010009257F /* Base */ = {isa = PBXFileReference; lastKnownFileType = file.storyboard; name = Base; path = Base.lproj/LaunchScreen.storyboard; sourceTree = "<group>"; };
		74B4068D1F3572010009257F /* Info.plist */ = {isa = PBXFileReference; lastKnownFileType = text.plist.xml; path = Info.plist; sourceTree = "<group>"; };
		74B406931F3572F10009257F /* SmartSpeaker.swift */ = {isa = PBXFileReference; fileEncoding = 4; lastKnownFileType = sourcecode.swift; path = SmartSpeaker.swift; sourceTree = "<group>"; };
/* End PBXFileReference section */

/* Begin PBXFrameworksBuildPhase section */
		74B4067B1F3572010009257F /* Frameworks */ = {
			isa = PBXFrameworksBuildPhase;
			buildActionMask = 2147483647;
			files = (
			);
			runOnlyForDeploymentPostprocessing = 0;
		};
/* End PBXFrameworksBuildPhase section */

/* Begin PBXGroup section */
		74B406751F3572010009257F = {
			isa = PBXGroup;
			children = (
				74B406801F3572010009257F /* AmazingSpeaker */,
				74B4067F1F3572010009257F /* Products */,
			);
			sourceTree = "<group>";
		};
		74B4067F1F3572010009257F /* Products */ = {
			isa = PBXGroup;
			children = (
				74B4067E1F3572010009257F /* AmazingSpeaker.app */,
			);
			name = Products;
			sourceTree = "<group>";
		};
		74B406801F3572010009257F /* AmazingSpeaker */ = {
			isa = PBXGroup;
			children = (
				74B406811F3572010009257F /* AppDelegate.swift */,
				74B406831F3572010009257F /* ViewController.swift */,
				74B406851F3572010009257F /* Main.storyboard */,
				74B406881F3572010009257F /* Assets.xcassets */,
				74B4068A1F3572010009257F /* LaunchScreen.storyboard */,
				74B4068D1F3572010009257F /* Info.plist */,
				74B406931F3572F10009257F /* SmartSpeaker.swift */,
			);
			path = AmazingSpeaker;
			sourceTree = "<group>";
		};
/* End PBXGroup section */

/* Begin PBXNativeTarget section */
		74B4067D1F3572010009257F /* AmazingSpeaker */ = {
			isa = PBXNativeTarget;
			buildConfigurationList = 74B406901F3572010009257F /* Build configuration list for PBXNativeTarget "AmazingSpeaker" */;
			buildPhases = (
				74B4067A1F3572010009257F /* Sources */,
				74B4067B1F3572010009257F /* Frameworks */,
				74B4067C1F3572010009257F /* Resources */,
			);
			buildRules = (
			);
			dependencies = (
			);
			name = AmazingSpeaker;
			productName = AmazingSpeaker;
			productReference = 74B4067E1F3572010009257F /* AmazingSpeaker.app */;
			productType = "com.apple.product-type.application";
		};
/* End PBXNativeTarget section */

/* Begin PBXProject section */
		74B406761F3572010009257F /* Project object */ = {
			isa = PBXProject;
			attributes = {
				LastSwiftUpdateCheck = 0820;
				LastUpgradeCheck = 0820;
				ORGANIZATIONNAME = xiaowei;
				TargetAttributes = {
					74B4067D1F3572010009257F = {
						CreatedOnToolsVersion = 8.2.1;
						ProvisioningStyle = Automatic;
					};
				};
			};
			buildConfigurationList = 74B406791F3572010009257F /* Build configuration list for PBXProject "AmazingSpeaker" */;
			compatibilityVersion = "Xcode 3.2";
			developmentRegion = English;
			hasScannedForEncodings = 0;
			knownRegions = (
				en,
				Base,
			);
			mainGroup = 74B406751F3572010009257F;
			productRefGroup = 74B4067F1F3572010009257F /* Products */;
			projectDirPath = "";
			projectRoot = "";
			targets = (
				74B4067D1F3572010009257F /* AmazingSpeaker */,
			);
		};
/* End PBXProject section */

/* Begin PBXResourcesBuildPhase section */
		74B4067C1F3572010009257F /* Resources */ = {
			isa = PBXResourcesBuildPhase;
			buildActionMask = 2147483647;
			files = (
				74B4068C1F3572010009257F /* LaunchScreen.storyboard in Resources */,
				74B406891F3572010009257F /* Assets.xcassets in Resources */,
				74B406871F3572010009257F /* Main.storyboard in Resources */,
			);
			runOnlyForDeploymentPostprocessing = 0;
		};
/* End PBXResourcesBuildPhase section */

/* Begin PBXSourcesBuildPhase section */
		74B4067A1F3572010009257F /* Sources */ = {
			isa = PBXSourcesBuildPhase;
			buildActionMask = 2147483647;
			files = (
				74B406841F3572010009257F /* ViewController.swift in Sources */,
				74B406821F3572010009257F /* AppDelegate.swift in Sources */,
				74B406941F3572F10009257F /* SmartSpeaker.swift in Sources */,
			);
			runOnlyForDeploymentPostprocessing = 0;
		};
/* End PBXSourcesBuildPhase section */

/* Begin PBXVariantGroup section */
		74B406851F3572010009257F /* Main.storyboard */ = {
			isa = PBXVariantGroup;
			children = (
				74B406861F3572010009257F /* Base */,
			);
			name = Main.storyboard;
			sourceTree = "<group>";
		};
		74B4068A1F3572010009257F /* LaunchScreen.storyboard */ = {
			isa = PBXVariantGroup;
			children = (
				74B4068B1F3572010009257F /* Base */,
			);
			name = LaunchScreen.storyboard;
			sourceTree = "<group>";
		};
/* End PBXVariantGroup section */

/* Begin XCBuildConfiguration section */
		74B4068E1F3572010009257F /* Debug */ = {
			isa = XCBuildConfiguration;
			buildSettings = {
				ALWAYS_SEARCH_USER_PATHS = NO;
				CLANG_ANALYZER_NONNULL = YES;
				CLANG_CXX_LANGUAGE_STANDARD = "gnu++0x";
				CLANG_CXX_LIBRARY = "libc++";
				CLANG_ENABLE_MODULES = YES;
				CLANG_ENABLE_OBJC_ARC = YES;
				CLANG_WARN_BOOL_CONVERSION = YES;
				CLANG_WARN_CONSTANT_CONVERSION = YES;
				CLANG_WARN_DIRECT_OBJC_ISA_USAGE = YES_ERROR;
				CLANG_WARN_DOCUMENTATION_COMMENTS = YES;
				CLANG_WARN_EMPTY_BODY = YES;
				CLANG_WARN_ENUM_CONVERSION = YES;
				CLANG_WARN_INFINITE_RECURSION = YES;
				CLANG_WARN_INT_CONVERSION = YES;
				CLANG_WARN_OBJC_ROOT_CLASS = YES_ERROR;
				CLANG_WARN_SUSPICIOUS_MOVE = YES;
				CLANG_WARN_UNREACHABLE_CODE = YES;
				CLANG_WARN__DUPLICATE_METHOD_MATCH = YES;
				"CODE_SIGN_IDENTITY[sdk=iphoneos*]" = "iPhone Developer";
				COPY_PHASE_STRIP = NO;
				DEBUG_INFORMATION_FORMAT = dwarf;
				ENABLE_STRICT_OBJC_MSGSEND = YES;
				ENABLE_TESTABILITY = YES;
				GCC_C_LANGUAGE_STANDARD = gnu99;
				GCC_DYNAMIC_NO_PIC = NO;
				GCC_NO_COMMON_BLOCKS = YES;
				GCC_OPTIMIZATION_LEVEL = 0;
				GCC_PREPROCESSOR_DEFINITIONS = (
					"DEBUG=1",
					"$(inherited)",
				);
				GCC_WARN_64_TO_32_BIT_CONVERSION = YES;
				GCC_WARN_ABOUT_RETURN_TYPE = YES_ERROR;
				GCC_WARN_UNDECLARED_SELECTOR = YES;
				GCC_WARN_UNINITIALIZED_AUTOS = YES_AGGRESSIVE;
				GCC_WARN_UNUSED_FUNCTION = YES;
				GCC_WARN_UNUSED_VARIABLE = YES;
				IPHONEOS_DEPLOYMENT_TARGET = 10.2;
				MTL_ENABLE_DEBUG_INFO = YES;
				ONLY_ACTIVE_ARCH = YES;
				SDKROOT = iphoneos;
				SWIFT_ACTIVE_COMPILATION_CONDITIONS = DEBUG;
				SWIFT_OPTIMIZATION_LEVEL = "-Onone";
				TARGETED_DEVICE_FAMILY = "1,2";
			};
			name = Debug;
		};
		74B4068F1F3572010009257F /* Release */ = {
			isa = XCBuildConfiguration;
			buildSettings = {
				ALWAYS_SEARCH_USER_PATHS = NO;
				CLANG_ANALYZER_NONNULL = YES;
				CLANG_CXX_LANGUAGE_STANDARD = "gnu++0x";
				CLANG_CXX_LIBRARY = "libc++";
				CLANG_ENABLE_MODULES = YES;
				CLANG_ENABLE_OBJC_ARC = YES;
				CLANG_WARN_BOOL_CONVERSION = YES;
				CLANG_WARN_CONSTANT_CONVERSION = YES;
				CLANG_WARN_DIRECT_OBJC_ISA_USAGE = YES_ERROR;
				CLANG_WARN_DOCUMENTATION_COMMENTS = YES;
				CLANG_WARN_EMPTY_BODY = YES;
				CLANG_WARN_ENUM_CONVERSION = YES;
				CLANG_WARN_INFINITE_RECURSION = YES;
				CLANG_WARN_INT_CONVERSION = YES;
				CLANG_WARN_OBJC_ROOT_CLASS = YES_ERROR;
				CLANG_WARN_SUSPICIOUS_MOVE = YES;
				CLANG_WARN_UNREACHABLE_CODE = YES;
				CLANG_WARN__DUPLICATE_METHOD_MATCH = YES;
				"CODE_SIGN_IDENTITY[sdk=iphoneos*]" = "iPhone Developer";
				COPY_PHASE_STRIP = NO;
				DEBUG_INFORMATION_FORMAT = "dwarf-with-dsym";
				ENABLE_NS_ASSERTIONS = NO;
				ENABLE_STRICT_OBJC_MSGSEND = YES;
				GCC_C_LANGUAGE_STANDARD = gnu99;
				GCC_NO_COMMON_BLOCKS = YES;
				GCC_WARN_64_TO_32_BIT_CONVERSION = YES;
				GCC_WARN_ABOUT_RETURN_TYPE = YES_ERROR;
				GCC_WARN_UNDECLARED_SELECTOR = YES;
				GCC_WARN_UNINITIALIZED_AUTOS = YES_AGGRESSIVE;
				GCC_WARN_UNUSED_FUNCTION = YES;
				GCC_WARN_UNUSED_VARIABLE = YES;
				IPHONEOS_DEPLOYMENT_TARGET = 10.2;
				MTL_ENABLE_DEBUG_INFO = NO;
				SDKROOT = iphoneos;
				SWIFT_OPTIMIZATION_LEVEL = "-Owholemodule";
				TARGETED_DEVICE_FAMILY = "1,2";
				VALIDATE_PRODUCT = YES;
			};
			name = Release;
		};
		74B406911F3572010009257F /* Debug */ = {
			isa = XCBuildConfiguration;
			buildSettings = {
				ASSETCATALOG_COMPILER_APPICON_NAME = AppIcon;
				INFOPLIST_FILE = AmazingSpeaker/Info.plist;
				LD_RUNPATH_SEARCH_PATHS = "$(inherited) @executable_path/Frameworks";
				PRODUCT_BUNDLE_IDENTIFIER = com.xiaowei.AmazingSpeaker;
				PRODUCT_NAME = "$(TARGET_NAME)";
				SWIFT_VERSION = 3.0;
			};
			name = Debug;
		};
		74B406921F3572010009257F /* Release */ = {
			isa = XCBuildConfiguration;
			buildSettings = {
				ASSETCATALOG_COMPILER_APPICON_NAME = AppIcon;
				INFOPLIST_FILE = AmazingSpeaker/Info.plist;
				LD_RUNPATH_SEARCH_PATHS = "$(inherited) @executable_path/Frameworks";
				PRODUCT_BUNDLE_IDENTIFIER = com.xiaowei.AmazingSpeaker;
				PRODUCT_NAME = "$(TARGET_NAME)";
				SWIFT_VERSION = 3.0;
			};
			name = Release;
		};
/* End XCBuildConfiguration section */

/* Begin XCConfigurationList section */
		74B406791F3572010009257F /* Build configuration list for PBXProject "AmazingSpeaker" */ = {
			isa = XCConfigurationList;
			buildConfigurations = (
				74B4068E1F3572010009257F /* Debug */,
				74B4068F1F3572010009257F /* Release */,
			);
			defaultConfigurationIsVisible = 0;
			defaultConfigurationName = Release;
		};
		74B406901F3572010009257F /* Build configuration list for PBXNativeTarget "AmazingSpeaker" */ = {
			isa = XCConfigurationList;
			buildConfigurations = (
				74B406911F3572010009257F /* Debug */,
				74B406921F3572010009257F /* Release */,
			);
			defaultConfigurationIsVisible = 0;
		};
/* End XCConfigurationList section */
	};
	rootObject = 74B406761F3572010009257F /* Project object */;
}
